
Microsoft Visual Studio Solution File, Format Version 12.00
# Visual Studio Version 17
VisualStudioVersion = 17.0.31903.59
MinimumVisualStudioVersion = 10.0.40219.1
Project("{2150E333-8FDC-42A3-9474-1A3956D46DE8}") = "src", "src", "{827E0CD3-B72D-47B6-A68D-7590B98EB39B}"
EndProject
Project("{2150E333-8FDC-42A3-9474-1A3956D46DE8}") = "Application", "Application", "{22BAF98C-8415-17C4-B26A-D537657BC863}"
EndProject
Project("{FAE04EC0-301F-11D3-BF4B-00C04F79EFBC}") = "Jaroszek.CoderHouse.ScrutorReplaceMediatRPoC.Application", "src\Application\Jaroszek.CoderHouse.ScrutorReplaceMediatRPoC.Application.csproj", "{86A289AF-A4EE-4387-A24B-93C39145D774}"
EndProject
Project("{2150E333-8FDC-42A3-9474-1A3956D46DE8}") = "Domain", "Domain", "{8B290487-4C16-E85E-E807-F579CBE9FC4D}"
EndProject
Project("{FAE04EC0-301F-11D3-BF4B-00C04F79EFBC}") = "Jaroszek.CoderHouse.ScrutorReplaceMediatRPoC.Domain", "src\Domain\Jaroszek.CoderHouse.ScrutorReplaceMediatRPoC.Domain.csproj", "{EC359A2D-6F44-4039-8822-556A344D6538}"
EndProject
Project("{2150E333-8FDC-42A3-9474-1A3956D46DE8}") = "Infrastructure", "Infrastructure", "{9048EB7F-3875-A59E-E36B-5BD4C6F2A282}"
EndProject
Project("{FAE04EC0-301F-11D3-BF4B-00C04F79EFBC}") = "Jaroszek.CoderHouse.ScrutorReplaceMediatRPoC.Infrastructure", "src\Infrastructure\Jaroszek.CoderHouse.ScrutorReplaceMediatRPoC.Infrastructure.csproj", "{7B28D7E2-2142-43AC-8F47-A0D7009288DC}"
EndProject
Project("{2150E333-8FDC-42A3-9474-1A3956D46DE8}") = "Shared", "Shared", "{C8E42992-5E42-0C2B-DBFE-AA848D06431C}"
EndProject
Project("{FAE04EC0-301F-11D3-BF4B-00C04F79EFBC}") = "Jaroszek.CoderHouse.Shared", "src\Shared\Jaroszek.CoderHouse.Shared.csproj", "{E7070A96-945B-4F89-AC55-6B76B0959658}"
EndProject
Project("{2150E333-8FDC-42A3-9474-1A3956D46DE8}") = "WebApi", "WebApi", "{953D89DF-FDD2-4C1A-6A43-6326114B13B5}"
EndProject
Project("{FAE04EC0-301F-11D3-BF4B-00C04F79EFBC}") = "Jaroszek.CoderHouse.ScrutorReplaceMediatRPoC.WebApi", "src\WebApi\Jaroszek.CoderHouse.ScrutorReplaceMediatRPoC.WebApi.csproj", "{7E9B483B-A6E9-4590-925B-16D1D22B9D74}"
EndProject
Global
	GlobalSection(SolutionConfigurationPlatforms) = preSolution
		Debug|Any CPU = Debug|Any CPU
		Debug|x64 = Debug|x64
		Debug|x86 = Debug|x86
		Release|Any CPU = Release|Any CPU
		Release|x64 = Release|x64
		Release|x86 = Release|x86
	EndGlobalSection
	GlobalSection(ProjectConfigurationPlatforms) = postSolution
		{86A289AF-A4EE-4387-A24B-93C39145D774}.Debug|Any CPU.ActiveCfg = Debug|Any CPU
		{86A289AF-A4EE-4387-A24B-93C39145D774}.Debug|Any CPU.Build.0 = Debug|Any CPU
		{86A289AF-A4EE-4387-A24B-93C39145D774}.Debug|x64.ActiveCfg = Debug|Any CPU
		{86A289AF-A4EE-4387-A24B-93C39145D774}.Debug|x64.Build.0 = Debug|Any CPU
		{86A289AF-A4EE-4387-A24B-93C39145D774}.Debug|x86.ActiveCfg = Debug|Any CPU
		{86A289AF-A4EE-4387-A24B-93C39145D774}.Debug|x86.Build.0 = Debug|Any CPU
		{86A289AF-A4EE-4387-A24B-93C39145D774}.Release|Any CPU.ActiveCfg = Release|Any CPU
		{86A289AF-A4EE-4387-A24B-93C39145D774}.Release|Any CPU.Build.0 = Release|Any CPU
		{86A289AF-A4EE-4387-A24B-93C39145D774}.Release|x64.ActiveCfg = Release|Any CPU
		{86A289AF-A4EE-4387-A24B-93C39145D774}.Release|x64.Build.0 = Release|Any CPU
		{86A289AF-A4EE-4387-A24B-93C39145D774}.Release|x86.ActiveCfg = Release|Any CPU
		{86A289AF-A4EE-4387-A24B-93C39145D774}.Release|x86.Build.0 = Release|Any CPU
		{EC359A2D-6F44-4039-8822-556A344D6538}.Debug|Any CPU.ActiveCfg = Debug|Any CPU
		{EC359A2D-6F44-4039-8822-556A344D6538}.Debug|Any CPU.Build.0 = Debug|Any CPU
		{EC359A2D-6F44-4039-8822-556A344D6538}.Debug|x64.ActiveCfg = Debug|Any CPU
		{EC359A2D-6F44-4039-8822-556A344D6538}.Debug|x64.Build.0 = Debug|Any CPU
		{EC359A2D-6F44-4039-8822-556A344D6538}.Debug|x86.ActiveCfg = Debug|Any CPU
		{EC359A2D-6F44-4039-8822-556A344D6538}.Debug|x86.Build.0 = Debug|Any CPU
		{EC359A2D-6F44-4039-8822-556A344D6538}.Release|Any CPU.ActiveCfg = Release|Any CPU
		{EC359A2D-6F44-4039-8822-556A344D6538}.Release|Any CPU.Build.0 = Release|Any CPU
		{EC359A2D-6F44-4039-8822-556A344D6538}.Release|x64.ActiveCfg = Release|Any CPU
		{EC359A2D-6F44-4039-8822-556A344D6538}.Release|x64.Build.0 = Release|Any CPU
		{EC359A2D-6F44-4039-8822-556A344D6538}.Release|x86.ActiveCfg = Release|Any CPU
		{EC359A2D-6F44-4039-8822-556A344D6538}.Release|x86.Build.0 = Release|Any CPU
		{7B28D7E2-2142-43AC-8F47-A0D7009288DC}.Debug|Any CPU.ActiveCfg = Debug|Any CPU
		{7B28D7E2-2142-43AC-8F47-A0D7009288DC}.Debug|Any CPU.Build.0 = Debug|Any CPU
		{7B28D7E2-2142-43AC-8F47-A0D7009288DC}.Debug|x64.ActiveCfg = Debug|Any CPU
		{7B28D7E2-2142-43AC-8F47-A0D7009288DC}.Debug|x64.Build.0 = Debug|Any CPU
		{7B28D7E2-2142-43AC-8F47-A0D7009288DC}.Debug|x86.ActiveCfg = Debug|Any CPU
		{7B28D7E2-2142-43AC-8F47-A0D7009288DC}.Debug|x86.Build.0 = Debug|Any CPU
		{7B28D7E2-2142-43AC-8F47-A0D7009288DC}.Release|Any CPU.ActiveCfg = Release|Any CPU
		{7B28D7E2-2142-43AC-8F47-A0D7009288DC}.Release|Any CPU.Build.0 = Release|Any CPU
		{7B28D7E2-2142-43AC-8F47-A0D7009288DC}.Release|x64.ActiveCfg = Release|Any CPU
		{7B28D7E2-2142-43AC-8F47-A0D7009288DC}.Release|x64.Build.0 = Release|Any CPU
		{7B28D7E2-2142-43AC-8F47-A0D7009288DC}.Release|x86.ActiveCfg = Release|Any CPU
		{7B28D7E2-2142-43AC-8F47-A0D7009288DC}.Release|x86.Build.0 = Release|Any CPU
		{E7070A96-945B-4F89-AC55-6B76B0959658}.Debug|Any CPU.ActiveCfg = Debug|Any CPU
		{E7070A96-945B-4F89-AC55-6B76B0959658}.Debug|Any CPU.Build.0 = Debug|Any CPU
		{E7070A96-945B-4F89-AC55-6B76B0959658}.Debug|x64.ActiveCfg = Debug|Any CPU
		{E7070A96-945B-4F89-AC55-6B76B0959658}.Debug|x64.Build.0 = Debug|Any CPU
		{E7070A96-945B-4F89-AC55-6B76B0959658}.Debug|x86.ActiveCfg = Debug|Any CPU
		{E7070A96-945B-4F89-AC55-6B76B0959658}.Debug|x86.Build.0 = Debug|Any CPU
		{E7070A96-945B-4F89-AC55-6B76B0959658}.Release|Any CPU.ActiveCfg = Release|Any CPU
		{E7070A96-945B-4F89-AC55-6B76B0959658}.Release|Any CPU.Build.0 = Release|Any CPU
		{E7070A96-945B-4F89-AC55-6B76B0959658}.Release|x64.ActiveCfg = Release|Any CPU
		{E7070A96-945B-4F89-AC55-6B76B0959658}.Release|x64.Build.0 = Release|Any CPU
		{E7070A96-945B-4F89-AC55-6B76B0959658}.Release|x86.ActiveCfg = Release|Any CPU
		{E7070A96-945B-4F89-AC55-6B76B0959658}.Release|x86.Build.0 = Release|Any CPU
		{7E9B483B-A6E9-4590-925B-16D1D22B9D74}.Debug|Any CPU.ActiveCfg = Debug|Any CPU
		{7E9B483B-A6E9-4590-925B-16D1D22B9D74}.Debug|Any CPU.Build.0 = Debug|Any CPU
		{7E9B483B-A6E9-4590-925B-16D1D22B9D74}.Debug|x64.ActiveCfg = Debug|Any CPU
		{7E9B483B-A6E9-4590-925B-16D1D22B9D74}.Debug|x64.Build.0 = Debug|Any CPU
		{7E9B483B-A6E9-4590-925B-16D1D22B9D74}.Debug|x86.ActiveCfg = Debug|Any CPU
		{7E9B483B-A6E9-4590-925B-16D1D22B9D74}.Debug|x86.Build.0 = Debug|Any CPU
		{7E9B483B-A6E9-4590-925B-16D1D22B9D74}.Release|Any CPU.ActiveCfg = Release|Any CPU
		{7E9B483B-A6E9-4590-925B-16D1D22B9D74}.Release|Any CPU.Build.0 = Release|Any CPU
		{7E9B483B-A6E9-4590-925B-16D1D22B9D74}.Release|x64.ActiveCfg = Release|Any CPU
		{7E9B483B-A6E9-4590-925B-16D1D22B9D74}.Release|x64.Build.0 = Release|Any CPU
		{7E9B483B-A6E9-4590-925B-16D1D22B9D74}.Release|x86.ActiveCfg = Release|Any CPU
		{7E9B483B-A6E9-4590-925B-16D1D22B9D74}.Release|x86.Build.0 = Release|Any CPU
	EndGlobalSection
	GlobalSection(SolutionProperties) = preSolution
		HideSolutionNode = FALSE
	EndGlobalSection
	GlobalSection(NestedProjects) = preSolution
		{22BAF98C-8415-17C4-B26A-D537657BC863} = {827E0CD3-B72D-47B6-A68D-7590B98EB39B}
		{86A289AF-A4EE-4387-A24B-93C39145D774} = {22BAF98C-8415-17C4-B26A-D537657BC863}
		{8B290487-4C16-E85E-E807-F579CBE9FC4D} = {827E0CD3-B72D-47B6-A68D-7590B98EB39B}
		{EC359A2D-6F44-4039-8822-556A344D6538} = {8B290487-4C16-E85E-E807-F579CBE9FC4D}
		{9048EB7F-3875-A59E-E36B-5BD4C6F2A282} = {827E0CD3-B72D-47B6-A68D-7590B98EB39B}
		{7B28D7E2-2142-43AC-8F47-A0D7009288DC} = {9048EB7F-3875-A59E-E36B-5BD4C6F2A282}
		{C8E42992-5E42-0C2B-DBFE-AA848D06431C} = {827E0CD3-B72D-47B6-A68D-7590B98EB39B}
		{E7070A96-945B-4F89-AC55-6B76B0959658} = {C8E42992-5E42-0C2B-DBFE-AA848D06431C}
		{953D89DF-FDD2-4C1A-6A43-6326114B13B5} = {827E0CD3-B72D-47B6-A68D-7590B98EB39B}
		{7E9B483B-A6E9-4590-925B-16D1D22B9D74} = {953D89DF-FDD2-4C1A-6A43-6326114B13B5}
	EndGlobalSection
EndGlobal
